<Solution>
  <Configurations>
    <Platform Name="ARM64" />
    <Platform Name="x64" />
    <Platform Name="x86" />
  </Configurations>
  <Folder Name="/Application/">
    <Project Path="upx-killer/upx-killer.vcxproj" Id="1dcd4901-03ab-4843-b2b9-9e7ac3cb561f">
      <Deploy />
    </Project>
  </Folder>
  <Folder Name="/Engine/">
    <Project Path="upx-killer-contracts/upx-killer-contracts.vcxproj" Id="b36a63da-b807-4d29-a538-5a1047b46542" />
    <Project Path="upx-killer-inspection/upx-killer-inspection.vcxproj" Id="6f2c9a41-7448-4ceb-a0de-239c5f14b62e" />
    <Project Path="upx-killer-engine/upx-killer-engine.vcxproj" Id="911e077c-a45d-4468-a634-b1a8029a9dd1" />
    <Project Path="upx-killer-engine-host/upx-killer-engine-host.vcxproj" Id="da9d947b-c14b-44cb-8dbd-ceba49b319a6" />
    <Project Path="upx-killer-elf-host/upx-killer-elf-host.vcxproj" Id="42b491c8-7c0b-48a2-a83d-b0e026563226" />
    <Project Path="upx-killer-dll-loader/upx-killer-dll-loader.vcxproj" Id="4fe35f42-ce89-41a8-bb7e-60a450fa028a" />
  </Folder>
  <Folder Name="/Tests/">
    <Project Path="upx-killer-engine-tests/upx-killer-engine-tests.vcxproj" Id="36f8a9b1-7984-4b59-a47e-4d16fa965457" />
  </Folder>
  <Folder Name="/Tests/Fixtures/">
    <Project Path="upx-killer-engine-fixture/upx-killer-engine-fixture.vcxproj" Id="57ca9e3b-7be8-4b2a-b786-76b98663e6a6" />
    <Project Path="upx-killer-engine-dll-fixtures/upx-killer-engine-dll-dependency.vcxproj" Id="2189d922-9655-49f2-bfe6-76a4d2860b74" />
    <Project Path="upx-killer-engine-dll-fixtures/upx-killer-engine-dll-fixture.vcxproj" Id="2687c626-a151-432d-becf-f55e997141a6" />
    <Project Path="upx-killer-engine-dll-fixtures/upx-killer-engine-noentry-dll-fixture.vcxproj" Id="abed4a38-b185-4527-b38d-44977850f1d3" />
  </Folder>
</Solution>
