<?xml version="1.0" encoding="utf-8"?>
<Project ToolsVersion="4.0" xmlns="http://schemas.microsoft.com/developer/msbuild/2003">
  <PropertyGroup>
    <_FilterNuGetPackagesRoot>$([System.IO.Path]::GetFullPath('$(MSBuildProjectDirectory)\..\packages'))</_FilterNuGetPackagesRoot>
  </PropertyGroup>
  <ItemGroup>
    <Filter Include="Application">
      <UniqueIdentifier>{447C7997-D687-4EDF-BBD9-68EFDA12A415}</UniqueIdentifier>
    </Filter>
    <Filter Include="UI">
      <UniqueIdentifier>{8AA70CB0-2484-4C6B-87AB-D3DF54969C14}</UniqueIdentifier>
    </Filter>
    <Filter Include="UI\Windows">
      <UniqueIdentifier>{0395D1CC-DFF0-49E4-B9E2-B2657735FD4D}</UniqueIdentifier>
    </Filter>
    <Filter Include="UI\Windows\MainWindow">
      <UniqueIdentifier>{379A6E26-A371-4657-B127-1B188F3AFDD6}</UniqueIdentifier>
    </Filter>
    <Filter Include="UI\Pages">
      <UniqueIdentifier>{1A97C37D-D48F-4CA1-8254-5DECE9900FD4}</UniqueIdentifier>
    </Filter>
    <Filter Include="UI\Pages\Overview">
      <UniqueIdentifier>{A95C1AE9-35C6-49EA-B922-587744587A99}</UniqueIdentifier>
    </Filter>
    <Filter Include="UI\Pages\Configuration">
      <UniqueIdentifier>{D4C84208-5BC4-4B29-BDCF-F69C5901A313}</UniqueIdentifier>
    </Filter>
    <Filter Include="UI\ViewModels">
      <UniqueIdentifier>{3752DBB8-A874-47F0-B282-314A101BC039}</UniqueIdentifier>
    </Filter>
    <Filter Include="UI\Navigation">
      <UniqueIdentifier>{9D79CC89-4800-42EC-BA08-C40E522AFDF0}</UniqueIdentifier>
    </Filter>
    <Filter Include="UI\Presentation">
      <UniqueIdentifier>{CE65C7E0-E670-4B5B-9E65-6319629273F0}</UniqueIdentifier>
    </Filter>
    <Filter Include="Application\Unpacking">
      <UniqueIdentifier>{A089481B-5663-4E45-B56B-AFE2622F2518}</UniqueIdentifier>
    </Filter>
    <Filter Include="Application\TargetSelection">
      <UniqueIdentifier>{E62A38E4-4D09-4D49-9134-4FB04A9AE2A3}</UniqueIdentifier>
    </Filter>
    <Filter Include="Application\TemporaryFiles">
      <UniqueIdentifier>{FF76BFD9-5589-47E5-A6F0-672130EF1D5D}</UniqueIdentifier>
    </Filter>
    <Filter Include="Application\Runtime">
      <UniqueIdentifier>{9850553A-044A-497D-BB93-123549F34569}</UniqueIdentifier>
    </Filter>
    <Filter Include="Infrastructure">
      <UniqueIdentifier>{95C68E4B-E342-45DE-B674-8A2312F3B86E}</UniqueIdentifier>
    </Filter>
    <Filter Include="Infrastructure\Storage">
      <UniqueIdentifier>{45F44C21-4E4E-4B21-B6E8-114A0E2E700D}</UniqueIdentifier>
    </Filter>
    <Filter Include="Infrastructure\EngineHost">
      <UniqueIdentifier>{B115F19D-DCA2-4532-8116-CC1A647A3AA4}</UniqueIdentifier>
    </Filter>
    <Filter Include="Infrastructure\EngineHost\Pipes">
      <UniqueIdentifier>{880D2598-255B-4F18-9FD3-38C7D7E061B8}</UniqueIdentifier>
    </Filter>
    <Filter Include="Infrastructure\EngineHost\Process">
      <UniqueIdentifier>{7B958FB8-38ED-4C40-9FF6-C402F84C0E24}</UniqueIdentifier>
    </Filter>
    <Filter Include="Infrastructure\Settings">
      <UniqueIdentifier>{610A6D4F-04B0-4DB5-B48D-A735F822B56A}</UniqueIdentifier>
    </Filter>
    <Filter Include="Infrastructure\WSL">
      <UniqueIdentifier>{EAE04E7A-C0B2-4E4F-B764-48749319155B}</UniqueIdentifier>
    </Filter>
    <Filter Include="Infrastructure\WSL\Discovery">
      <UniqueIdentifier>{5534F77B-5DF1-4121-8E3B-0503188D5009}</UniqueIdentifier>
    </Filter>
    <Filter Include="Resources">
      <UniqueIdentifier>{A5F8FA93-581E-4182-83A1-1A6815CC0418}</UniqueIdentifier>
    </Filter>
    <Filter Include="Resources\Localization">
      <UniqueIdentifier>{ECF27339-C3A7-4526-8A00-10B2599FF8F8}</UniqueIdentifier>
    </Filter>
    <Filter Include="Resources\Localization\en-US">
      <UniqueIdentifier>{04105026-D6AF-41C3-A819-2F940D9EF765}</UniqueIdentifier>
    </Filter>
    <Filter Include="Resources\Localization\zh-CN">
      <UniqueIdentifier>{8EE95B16-84F4-4DE5-8744-EF5985F616CE}</UniqueIdentifier>
    </Filter>
    <Filter Include="Build">
      <UniqueIdentifier>{01382D0B-DBB2-4F6C-8C61-4C66C474D75E}</UniqueIdentifier>
    </Filter>
    <Filter Include="Build\Manifests">
      <UniqueIdentifier>{8C77E71E-C481-4B6C-AFA7-8C46CC83FEBB}</UniqueIdentifier>
    </Filter>
    <Filter Include="Build\Precompiled Headers">
      <UniqueIdentifier>{B2133F04-5373-4B16-B6EA-EB9DA5BE5297}</UniqueIdentifier>
    </Filter>
    <Filter Include="Build\Verification">
      <UniqueIdentifier>{463B5BB4-4B5B-40F1-84C7-F1345626AA79}</UniqueIdentifier>
    </Filter>
    <Filter Include="Build\Packaging">
      <UniqueIdentifier>{443B6823-398A-41FD-9A32-B4A831835EEA}</UniqueIdentifier>
    </Filter>
    <Filter Include="Dependencies">
      <UniqueIdentifier>{E0E16715-9A13-40BE-B227-342132977DB5}</UniqueIdentifier>
    </Filter>
    <Filter Include="Documentation">
      <UniqueIdentifier>{29CB8E30-3140-4039-A6F1-50895FEE9D33}</UniqueIdentifier>
    </Filter>
    <Filter Include="Generated">
      <UniqueIdentifier>{EB8E5016-E1FC-474A-8765-A5727645D0B4}</UniqueIdentifier>
    </Filter>
  </ItemGroup>
  <ItemGroup>
    <ApplicationDefinition Include="App.xaml">
      <Filter>Application</Filter>
    </ApplicationDefinition>
    <ClInclude Include="App.xaml.h">
      <Filter>Application</Filter>
    </ClInclude>
    <ClCompile Include="App.xaml.cpp">
      <Filter>Application</Filter>
    </ClCompile>
  </ItemGroup>
  <ItemGroup>
    <Page Include="UI\Windows\MainWindow\MainWindow.xaml">
      <Filter>UI\Windows\MainWindow</Filter>
    </Page>
    <Midl Include="UI\Windows\MainWindow\MainWindow.idl">
      <Filter>UI\Windows\MainWindow</Filter>
    </Midl>
    <ClInclude Include="UI\Windows\MainWindow\MainWindow.xaml.h">
      <Filter>UI\Windows\MainWindow</Filter>
    </ClInclude>
    <ClCompile Include="UI\Windows\MainWindow\MainWindow.xaml.cpp">
      <Filter>UI\Windows\MainWindow</Filter>
    </ClCompile>
  </ItemGroup>
  <ItemGroup>
    <ClInclude Include="UI\Navigation\NavigationPaneController.h">
      <Filter>UI\Navigation</Filter>
    </ClInclude>
    <ClCompile Include="UI\Navigation\NavigationPaneController.cpp">
      <Filter>UI\Navigation</Filter>
    </ClCompile>
    <ClInclude Include="UI\Navigation\NavigationRouter.h">
      <Filter>UI\Navigation</Filter>
    </ClInclude>
    <ClCompile Include="UI\Navigation\NavigationRouter.cpp">
      <Filter>UI\Navigation</Filter>
    </ClCompile>
    <ClInclude Include="UI\Navigation\NavigationRouteCatalog.h">
      <Filter>UI\Navigation</Filter>
    </ClInclude>
    <ClCompile Include="UI\Navigation\NavigationRouteCatalog.cpp">
      <Filter>UI\Navigation</Filter>
    </ClCompile>
  </ItemGroup>
  <ItemGroup>
    <Page Include="UI\Pages\Overview\OverviewPage.xaml">
      <Filter>UI\Pages\Overview</Filter>
    </Page>
    <Midl Include="UI\Pages\Overview\OverviewPage.idl">
      <Filter>UI\Pages\Overview</Filter>
    </Midl>
    <ClInclude Include="UI\Pages\Overview\OverviewPage.xaml.h">
      <Filter>UI\Pages\Overview</Filter>
    </ClInclude>
    <ClCompile Include="UI\Pages\Overview\OverviewPage.xaml.cpp">
      <Filter>UI\Pages\Overview</Filter>
    </ClCompile>
    <ClInclude Include="UI\ViewModels\OverviewViewModel.h">
      <Filter>UI\ViewModels</Filter>
    </ClInclude>
    <ClCompile Include="UI\ViewModels\OverviewViewModel.cpp">
      <Filter>UI\ViewModels</Filter>
    </ClCompile>
    <ClInclude Include="UI\ViewModels\RelayCommand.h">
      <Filter>UI\ViewModels</Filter>
    </ClInclude>
    <Page Include="UI\Pages\Configuration\ConfigurationPage.xaml">
      <Filter>UI\Pages\Configuration</Filter>
    </Page>
    <Midl Include="UI\Pages\Configuration\ConfigurationPage.idl">
      <Filter>UI\Pages\Configuration</Filter>
    </Midl>
    <ClInclude Include="UI\Pages\Configuration\ConfigurationPage.xaml.h">
      <Filter>UI\Pages\Configuration</Filter>
    </ClInclude>
    <ClCompile Include="UI\Pages\Configuration\ConfigurationPage.xaml.cpp">
      <Filter>UI\Pages\Configuration</Filter>
    </ClCompile>
    <ClInclude Include="UI\ViewModels\ConfigurationViewModel.h">
      <Filter>UI\ViewModels</Filter>
    </ClInclude>
    <ClCompile Include="UI\ViewModels\ConfigurationViewModel.cpp">
      <Filter>UI\ViewModels</Filter>
    </ClCompile>
  </ItemGroup>
  <ItemGroup>
    <ClInclude Include="Application\Unpacking\UnpackWorkflow.h">
      <Filter>Application\Unpacking</Filter>
    </ClInclude>
    <ClInclude Include="Application\Unpacking\IUnpackEngineClient.h">
      <Filter>Application\Unpacking</Filter>
    </ClInclude>
    <ClInclude Include="Application\Unpacking\IArtifactExporter.h">
      <Filter>Application\Unpacking</Filter>
    </ClInclude>
    <ClCompile Include="Application\Unpacking\UnpackWorkflow.cpp">
      <Filter>Application\Unpacking</Filter>
    </ClCompile>
    <ClInclude Include="Application\TemporaryFiles\TemporaryFileSettings.h">
      <Filter>Application\TemporaryFiles</Filter>
    </ClInclude>
    <ClInclude Include="Application\TemporaryFiles\ITemporaryArtifactWorkspace.h">
      <Filter>Application\TemporaryFiles</Filter>
    </ClInclude>
    <ClInclude Include="Application\TemporaryFiles\ITemporaryFolderPicker.h">
      <Filter>Application\TemporaryFiles</Filter>
    </ClInclude>
    <ClInclude Include="Application\TemporaryFiles\TemporaryFileSettingsWorkflow.h">
      <Filter>Application\TemporaryFiles</Filter>
    </ClInclude>
    <ClCompile Include="Application\TemporaryFiles\TemporaryFileSettingsWorkflow.cpp">
      <Filter>Application\TemporaryFiles</Filter>
    </ClCompile>
    <ClInclude Include="Infrastructure\EngineHost\EngineHostClient.h">
      <Filter>Infrastructure\EngineHost</Filter>
    </ClInclude>
    <ClCompile Include="Infrastructure\EngineHost\EngineHostClient.cpp">
      <Filter>Infrastructure\EngineHost</Filter>
    </ClCompile>
    <ClInclude Include="Infrastructure\EngineHost\Pipes\EngineHostPipeTransport.h">
      <Filter>Infrastructure\EngineHost\Pipes</Filter>
    </ClInclude>
    <ClCompile Include="Infrastructure\EngineHost\Pipes\EngineHostPipeTransport.cpp">
      <Filter>Infrastructure\EngineHost\Pipes</Filter>
    </ClCompile>
    <ClInclude Include="Infrastructure\EngineHost\Process\EngineHostProcessSession.h">
      <Filter>Infrastructure\EngineHost\Process</Filter>
    </ClInclude>
    <ClCompile Include="Infrastructure\EngineHost\Process\EngineHostProcessSession.cpp">
      <Filter>Infrastructure\EngineHost\Process</Filter>
    </ClCompile>
    <ClInclude Include="UI\Presentation\UnpackStatusPresentation.h">
      <Filter>UI\Presentation</Filter>
    </ClInclude>
    <ClCompile Include="UI\Presentation\UnpackStatusPresentation.cpp">
      <Filter>UI\Presentation</Filter>
    </ClCompile>
    <ClInclude Include="UI\Presentation\PackerInformationPresentation.h">
      <Filter>UI\Presentation</Filter>
    </ClInclude>
    <ClCompile Include="UI\Presentation\PackerInformationPresentation.cpp">
      <Filter>UI\Presentation</Filter>
    </ClCompile>
    <ClInclude Include="Application\TargetSelection\TargetSelectionWorkflow.h">
      <Filter>Application\TargetSelection</Filter>
    </ClInclude>
    <ClCompile Include="Application\TargetSelection\TargetSelectionWorkflow.cpp">
      <Filter>Application\TargetSelection</Filter>
    </ClCompile>
    <ClInclude Include="Infrastructure\Storage\TargetFilePicker.h">
      <Filter>Infrastructure\Storage</Filter>
    </ClInclude>
    <ClCompile Include="Infrastructure\Storage\TargetFilePicker.cpp">
      <Filter>Infrastructure\Storage</Filter>
    </ClCompile>
    <ClInclude Include="Infrastructure\Storage\ArtifactFileExporter.h">
      <Filter>Infrastructure\Storage</Filter>
    </ClInclude>
    <ClCompile Include="Infrastructure\Storage\ArtifactFileExporter.cpp">
      <Filter>Infrastructure\Storage</Filter>
    </ClCompile>
    <ClInclude Include="Infrastructure\Storage\TemporaryFolderPicker.h">
      <Filter>Infrastructure\Storage</Filter>
    </ClInclude>
    <ClCompile Include="Infrastructure\Storage\TemporaryFolderPicker.cpp">
      <Filter>Infrastructure\Storage</Filter>
    </ClCompile>
    <ClInclude Include="Infrastructure\Storage\LocalTemporaryArtifactWorkspace.h">
      <Filter>Infrastructure\Storage</Filter>
    </ClInclude>
    <ClCompile Include="Infrastructure\Storage\LocalTemporaryArtifactWorkspace.cpp">
      <Filter>Infrastructure\Storage</Filter>
    </ClCompile>
    <ClInclude Include="Infrastructure\Settings\LocalTemporaryFileSettingsStore.h">
      <Filter>Infrastructure\Settings</Filter>
    </ClInclude>
    <ClCompile Include="Infrastructure\Settings\LocalTemporaryFileSettingsStore.cpp">
      <Filter>Infrastructure\Settings</Filter>
    </ClCompile>
  </ItemGroup>
  <ItemGroup>
    <PRIResource Include="Strings\en-US\Resources.resw">
      <Filter>Resources\Localization\en-US</Filter>
    </PRIResource>
    <PRIResource Include="Strings\zh-CN\Resources.resw">
      <Filter>Resources\Localization\zh-CN</Filter>
    </PRIResource>
  </ItemGroup>
  <ItemGroup>
    <Manifest Include="app.manifest">
      <Filter>Build\Manifests</Filter>
    </Manifest>
    <ClInclude Include="pch.h">
      <Filter>Build\Precompiled Headers</Filter>
    </ClInclude>
    <ClCompile Include="pch.cpp">
      <Filter>Build\Precompiled Headers</Filter>
    </ClCompile>
    <None Include="packages.config">
      <Filter>Dependencies</Filter>
    </None>
    <None Include="..\scripts\ui-tests.ps1">
      <Filter>Build\Verification</Filter>
    </None>
    <None Include="..\scripts\real-sample-regression.ps1">
      <Filter>Build\Verification</Filter>
    </None>
    <None Include="..\scripts\test-pe64-dll.ps1">
      <Filter>Build\Verification</Filter>
    </None>
    <None Include="..\scripts\audit-project-filters.ps1">
      <Filter>Build\Verification</Filter>
    </None>
    <None Include="..\scripts\package-dist.ps1">
      <Filter>Build\Packaging</Filter>
    </None>
    <None Include="$(_FilterNuGetPackagesRoot)\Microsoft.Windows.AI.MachineLearning.2.1.74\build\native\..\..\runtimes\win-$(Platform.ToLower())\native\DirectML.dll">
      <Filter>Dependencies</Filter>
    </None>
    <None Include="$(_FilterNuGetPackagesRoot)\Microsoft.Windows.AI.MachineLearning.2.1.74\build\native\..\..\runtimes\win-$(Platform.ToLower())\native\Microsoft.Windows.AI.MachineLearning.dll">
      <Filter>Dependencies</Filter>
    </None>
    <None Include="$(_FilterNuGetPackagesRoot)\Microsoft.Windows.AI.MachineLearning.2.1.74\build\native\..\..\runtimes\win-$(Platform.ToLower())\native\onnxruntime.dll">
      <Filter>Dependencies</Filter>
    </None>
    <Natvis Include="$(_FilterNuGetPackagesRoot)\Microsoft.Windows.ImplementationLibrary.1.0.260126.7\build\native\..\..\natvis\wil.natstepfilter">
      <Filter>Dependencies</Filter>
    </Natvis>
    <Natvis Include="$(_FilterNuGetPackagesRoot)\Microsoft.Windows.ImplementationLibrary.1.0.260126.7\build\native\..\..\natvis\wil.natvis">
      <Filter>Dependencies</Filter>
    </Natvis>
    <Text Include="..\CONTEXT.md">
      <Filter>Documentation</Filter>
    </Text>
    <Text Include="..\docs\adr\0001-isolate-debugging-in-an-engine-host.md">
      <Filter>Documentation</Filter>
    </Text>
    <Text Include="..\docs\adr\0002-runtime-import-observation-and-rebuild.md">
      <Filter>Documentation</Filter>
    </Text>
    <Text Include="..\docs\adr\0003-multi-base-relocation-reconstruction.md">
      <Filter>Documentation</Filter>
    </Text>
    <Text Include="..\docs\adr\0004-isolated-pe32-dll-loading-and-source-aslr-intent.md">
      <Filter>Documentation</Filter>
    </Text>
    <Text Include="..\docs\adr\0005-format-backends-and-portable-engine-contracts.md">
      <Filter>Documentation</Filter>
    </Text>
    <Text Include="..\docs\adr\0006-pe64-dll-vertical-slice.md">
      <Filter>Documentation</Filter>
    </Text>
    <Text Include="..\docs\adr\0007-wsl2-elf64-backend.md">
      <Filter>Documentation</Filter>
    </Text>
    <Text Include="..\docs\testing\elf64-wsl-validation.md">
      <Filter>Documentation</Filter>
    </Text>
    <Text Include="..\docs\planning\elf32-extension.md">
      <Filter>Documentation</Filter>
    </Text>
    <Text Include="..\docs\testing\real-sample-baseline.md">
      <Filter>Documentation</Filter>
    </Text>
    <ClCompile Include="$(GeneratedFilesDir)module.g.cpp">
      <Filter>Generated</Filter>
    </ClCompile>
  </ItemGroup>
  <ItemGroup>
    <ClInclude Include="Application\Runtime\WslRuntimeSettings.h"><Filter>Application\Runtime</Filter></ClInclude>
    <ClInclude Include="Application\Runtime\WslRuntimeSettingsWorkflow.h"><Filter>Application\Runtime</Filter></ClInclude>
    <ClCompile Include="Application\Runtime\WslRuntimeSettingsWorkflow.cpp"><Filter>Application\Runtime</Filter></ClCompile>
    <ClInclude Include="Infrastructure\Settings\LocalSettingsPath.h"><Filter>Infrastructure\Settings</Filter></ClInclude>
    <ClCompile Include="Infrastructure\Settings\LocalSettingsPath.cpp"><Filter>Infrastructure\Settings</Filter></ClCompile>
    <ClInclude Include="Infrastructure\Settings\LocalWslRuntimeSettingsStore.h"><Filter>Infrastructure\Settings</Filter></ClInclude>
    <ClCompile Include="Infrastructure\Settings\LocalWslRuntimeSettingsStore.cpp"><Filter>Infrastructure\Settings</Filter></ClCompile>
    <ClInclude Include="Infrastructure\WSL\Discovery\WslDistributionCatalog.h"><Filter>Infrastructure\WSL\Discovery</Filter></ClInclude>
    <ClCompile Include="Infrastructure\WSL\Discovery\WslDistributionCatalog.cpp"><Filter>Infrastructure\WSL\Discovery</Filter></ClCompile>
  </ItemGroup>
</Project>
