<?xml version="1.0" encoding="utf-8"?>
<Project ToolsVersion="4.0" xmlns="http://schemas.microsoft.com/developer/msbuild/2003">
  <ItemGroup><Filter Include="Application"><UniqueIdentifier>{330A5D95-1A7D-4D27-9674-864AE2AC5BF4}</UniqueIdentifier></Filter><Filter Include="Application\Loading"><UniqueIdentifier>{A0F27CD4-6F94-420F-88BF-CE892295CD91}</UniqueIdentifier></Filter></ItemGroup>
  <ItemGroup><ClCompile Include="Application\Loading\DllLoaderMain.cpp"><Filter>Application\Loading</Filter></ClCompile></ItemGroup>
</Project>
