<?xml version="1.0" encoding="utf-8"?>
<Project ToolsVersion="4.0" xmlns="http://schemas.microsoft.com/developer/msbuild/2003">
  <ItemGroup>
    <Filter Include="Core"><UniqueIdentifier>{2C013C75-11EC-470D-93C7-3A79616518AE}</UniqueIdentifier></Filter>
    <Filter Include="Core\PE"><UniqueIdentifier>{8704338D-CB8D-4CC9-B578-6CFD4CA03A7F}</UniqueIdentifier></Filter>
    <Filter Include="Core\PE\Format"><UniqueIdentifier>{6F7ED977-1C77-442A-8124-C9B8C8145165}</UniqueIdentifier></Filter>
    <Filter Include="Core\PE\Exports"><UniqueIdentifier>{B689B309-8D1B-4630-884A-7736A1B7D9A2}</UniqueIdentifier></Filter>
    <Filter Include="Infrastructure"><UniqueIdentifier>{5B0409C2-1980-42E8-A6D6-B3DF17F57E8D}</UniqueIdentifier></Filter>
    <Filter Include="Infrastructure\Windows"><UniqueIdentifier>{83D3F132-40C8-4D0F-AF19-47016931759C}</UniqueIdentifier></Filter>
    <Filter Include="Application"><UniqueIdentifier>{2F81F3C0-B8FC-417A-B82A-18C3CECB215B}</UniqueIdentifier></Filter>
    <Filter Include="Core\Unpacking"><UniqueIdentifier>{797140F4-A639-4A9B-BA47-F34FEB69864C}</UniqueIdentifier></Filter>
    <Filter Include="Core\PE\Parsing"><UniqueIdentifier>{4BC2DAAE-3569-4FAE-95C7-2FA38A8CC01B}</UniqueIdentifier></Filter>
    <Filter Include="Core\PE\OepDiscovery"><UniqueIdentifier>{3E3E8C87-A85C-43B8-A91D-A5F19D2ABF20}</UniqueIdentifier></Filter>
    <Filter Include="Core\Dumping"><UniqueIdentifier>{6108D29F-F5A8-44A8-9E19-8F159C48C8D5}</UniqueIdentifier></Filter>
    <Filter Include="Core\PE\Fixing"><UniqueIdentifier>{9F516762-A12F-4D6A-B920-BBE9935EDE75}</UniqueIdentifier></Filter>
    <Filter Include="Core\PE\Sections"><UniqueIdentifier>{70F24465-63DB-47B1-B718-20D973DCC91F}</UniqueIdentifier></Filter>
    <Filter Include="Core\PE\Rebasing"><UniqueIdentifier>{9E291156-8D63-4218-B875-874A9BF183E2}</UniqueIdentifier></Filter>
    <Filter Include="Core\PE\Rebasing\NoSourceRelocations"><UniqueIdentifier>{E474E2C8-7E98-42F0-8F0B-55DA880F847D}</UniqueIdentifier></Filter>
    <Filter Include="Core\PE\Relocations"><UniqueIdentifier>{C8435023-CBEA-40ED-8276-7ACB154BA658}</UniqueIdentifier></Filter>
    <Filter Include="Core\PE\Imports"><UniqueIdentifier>{A56D0B1B-8B64-4F37-8E95-6C5D24A8D42A}</UniqueIdentifier></Filter>
    <Filter Include="Infrastructure\Windows\Debugging"><UniqueIdentifier>{49E8AA47-D6FC-4870-9094-220432928B0F}</UniqueIdentifier></Filter>
    <Filter Include="Infrastructure\Windows\Debugging\ThreadContext"><UniqueIdentifier>{7D5DB5A1-EB72-4C9F-A864-8A13815403A9}</UniqueIdentifier></Filter>
    <Filter Include="Infrastructure\Windows\Debugging\Staging"><UniqueIdentifier>{4B6F49A0-C861-4B93-AC61-A0AF0316855C}</UniqueIdentifier></Filter>
    <Filter Include="Infrastructure\Windows\Debugging\Loading"><UniqueIdentifier>{1B9475C7-4E60-43EE-A721-09941C35BC30}</UniqueIdentifier></Filter>
    <Filter Include="Infrastructure\Windows\Debugging\Imports"><UniqueIdentifier>{E6BD6372-F261-4C73-91CA-5B13D4C810BE}</UniqueIdentifier></Filter>
    <Filter Include="Infrastructure\Windows\Verification"><UniqueIdentifier>{D1C89F6C-6B26-4EE0-9B34-4D832E4C174A}</UniqueIdentifier></Filter>
    <Filter Include="Application\Unpacking"><UniqueIdentifier>{D58453CE-2602-4076-9713-76D26D3A42CF}</UniqueIdentifier></Filter>
    <Filter Include="Application\PE"><UniqueIdentifier>{A82ECFBC-652B-46F4-B50F-444C4D18C90F}</UniqueIdentifier></Filter>
    <Filter Include="Application\PE\Preparation"><UniqueIdentifier>{3630059B-EAC6-47CC-A124-464861511B30}</UniqueIdentifier></Filter>
    <Filter Include="Application\PE\Capture"><UniqueIdentifier>{E0BB83BE-76C6-4091-B477-2F21B77E180E}</UniqueIdentifier></Filter>
    <Filter Include="Application\PE\Reconstruction"><UniqueIdentifier>{8BA6702C-ADBF-4577-A82E-C3E60A5AB478}</UniqueIdentifier></Filter>
    <Filter Include="Application\Artifacts"><UniqueIdentifier>{32EDC60D-0F11-425F-B92D-60301218C07E}</UniqueIdentifier></Filter>
    <Filter Include="Infrastructure\Windows\Capture"><UniqueIdentifier>{0D01455A-07A5-438D-A5A0-DACF1DF4C763}</UniqueIdentifier></Filter>
    <Filter Include="Infrastructure\Windows\Storage"><UniqueIdentifier>{1DC02A44-70BF-445B-9A75-B26C60F41C2C}</UniqueIdentifier></Filter>
    <Filter Include="Infrastructure\Windows\Composition"><UniqueIdentifier>{E8B5B1D5-9F40-43C0-B6B5-B874B5C57B59}</UniqueIdentifier></Filter>
  </ItemGroup>
  <ItemGroup>
    <ClInclude Include="Core\PE\Format\PeFormat.h"><Filter>Core\PE\Format</Filter></ClInclude>
    <ClInclude Include="Core\PE\Format\PeFormatTraits.h"><Filter>Core\PE\Format</Filter></ClInclude>
    <ClInclude Include="Core\PE\Exports\ExportDirectoryAnalyzer.h"><Filter>Core\PE\Exports</Filter></ClInclude>
    <ClInclude Include="Core\Unpacking\UnpackTypes.h"><Filter>Core\Unpacking</Filter></ClInclude>
    <ClInclude Include="Core\PE\Parsing\PeParser.h"><Filter>Core\PE\Parsing</Filter></ClInclude>
    <ClInclude Include="Core\PE\OepDiscovery\UpxOepLocator.h"><Filter>Core\PE\OepDiscovery</Filter></ClInclude>
    <ClInclude Include="Core\Dumping\ProcessImageDumper.h"><Filter>Core\Dumping</Filter></ClInclude>
    <ClInclude Include="Core\PE\Fixing\PeImageFixer.h"><Filter>Core\PE\Fixing</Filter></ClInclude>
    <ClInclude Include="Core\PE\Fixing\ImagePlacementPlan.h"><Filter>Core\PE\Fixing</Filter></ClInclude>
    <ClInclude Include="Core\PE\Sections\SectionLayoutRebuilder.h"><Filter>Core\PE\Sections</Filter></ClInclude>
    <ClInclude Include="Core\PE\Rebasing\PeFileRebaser.h"><Filter>Core\PE\Rebasing</Filter></ClInclude>
    <ClInclude Include="Core\PE\Rebasing\NoSourceRelocations\NoSourceRelocationsImagePreparer.h"><Filter>Core\PE\Rebasing\NoSourceRelocations</Filter></ClInclude>
    <ClInclude Include="Core\PE\Rebasing\NoSourceRelocations\UpxPe32StubAddressingRebaser.h"><Filter>Core\PE\Rebasing\NoSourceRelocations</Filter></ClInclude>
    <ClInclude Include="Core\PE\Relocations\RelocationReconstructor.h"><Filter>Core\PE\Relocations</Filter></ClInclude>
    <ClInclude Include="Core\PE\Imports\ImportTypes.h"><Filter>Core\PE\Imports</Filter></ClInclude>
    <ClInclude Include="Core\PE\Imports\ImportDiscovery.h"><Filter>Core\PE\Imports</Filter></ClInclude>
    <ClInclude Include="Core\PE\Imports\PeExportParser.h"><Filter>Core\PE\Imports</Filter></ClInclude>
    <ClInclude Include="Core\PE\Imports\ImportTableValidator.h"><Filter>Core\PE\Imports</Filter></ClInclude>
    <ClInclude Include="Infrastructure\Windows\Debugging\DebugProcess.h"><Filter>Infrastructure\Windows\Debugging</Filter></ClInclude>
    <ClInclude Include="Infrastructure\Windows\Debugging\ThreadContext\ThreadContextController.h"><Filter>Infrastructure\Windows\Debugging\ThreadContext</Filter></ClInclude>
    <ClInclude Include="Infrastructure\Windows\Debugging\ProcessMemoryReader.h"><Filter>Infrastructure\Windows\Debugging</Filter></ClInclude>
    <ClInclude Include="Infrastructure\Windows\Debugging\SoftwareBreakpointSet.h"><Filter>Infrastructure\Windows\Debugging</Filter></ClInclude>
    <ClInclude Include="Infrastructure\Windows\Debugging\WindowsDebugSession.h"><Filter>Infrastructure\Windows\Debugging</Filter></ClInclude>
    <ClInclude Include="Infrastructure\Windows\Debugging\RemoteModuleCatalog.h"><Filter>Infrastructure\Windows\Debugging</Filter></ClInclude>
    <ClInclude Include="Infrastructure\Windows\Debugging\Imports\AppCompatImportAliasResolver.h"><Filter>Infrastructure\Windows\Debugging\Imports</Filter></ClInclude>
    <ClInclude Include="Infrastructure\Windows\Debugging\Staging\StagedDebugTarget.h"><Filter>Infrastructure\Windows\Debugging\Staging</Filter></ClInclude>
    <ClInclude Include="Infrastructure\Windows\Debugging\Loading\DebugTargetLoader.h"><Filter>Infrastructure\Windows\Debugging\Loading</Filter></ClInclude>
    <ClInclude Include="Infrastructure\Windows\Verification\WindowsImageVerifier.h"><Filter>Infrastructure\Windows\Verification</Filter></ClInclude>
    <ClInclude Include="Infrastructure\Windows\Composition\WindowsPeUnpackEngine.h"><Filter>Infrastructure\Windows\Composition</Filter></ClInclude>
    <ClInclude Include="Application\Unpacking\TargetExecutionPolicy.h"><Filter>Application\Unpacking</Filter></ClInclude>
    <ClInclude Include="Application\PE\Preparation\PeTargetPreparationUseCase.h"><Filter>Application\PE\Preparation</Filter></ClInclude>
    <ClInclude Include="Application\PE\Preparation\PeTargetProbe.h"><Filter>Application\PE\Preparation</Filter></ClInclude>
    <ClInclude Include="Application\PE\PeUnpackBackend.h"><Filter>Application\PE</Filter></ClInclude>
    <ClInclude Include="Application\PE\Capture\PeRuntimeCaptureUseCase.h"><Filter>Application\PE\Capture</Filter></ClInclude>
    <ClInclude Include="Application\PE\Reconstruction\PeImageReconstructionUseCase.h"><Filter>Application\PE\Reconstruction</Filter></ClInclude>
    <ClInclude Include="Application\Artifacts\ArtifactPublicationUseCase.h"><Filter>Application\Artifacts</Filter></ClInclude>
    <ClInclude Include="Infrastructure\Windows\Storage\WindowsArtifactStore.h"><Filter>Infrastructure\Windows\Storage</Filter></ClInclude>
    <ClInclude Include="Infrastructure\Windows\Verification\WindowsPeImageValidator.h"><Filter>Infrastructure\Windows\Verification</Filter></ClInclude>
    <ClInclude Include="Infrastructure\Windows\Capture\WindowsPeSnapshotCapture.h"><Filter>Infrastructure\Windows\Capture</Filter></ClInclude>
    <ClInclude Include="Infrastructure\Windows\Storage\WindowsTargetSourceReader.h"><Filter>Infrastructure\Windows\Storage</Filter></ClInclude>
  </ItemGroup>
  <ItemGroup>
    <ClCompile Include="Core\PE\Parsing\PeParser.cpp"><Filter>Core\PE\Parsing</Filter></ClCompile>
    <ClCompile Include="Core\PE\Exports\ExportDirectoryAnalyzer.cpp"><Filter>Core\PE\Exports</Filter></ClCompile>
    <ClCompile Include="Core\PE\OepDiscovery\UpxOepLocator.cpp"><Filter>Core\PE\OepDiscovery</Filter></ClCompile>
    <ClCompile Include="Core\Dumping\ProcessImageDumper.cpp"><Filter>Core\Dumping</Filter></ClCompile>
    <ClCompile Include="Core\PE\Fixing\PeImageFixer.cpp"><Filter>Core\PE\Fixing</Filter></ClCompile>
    <ClCompile Include="Core\PE\Sections\SectionLayoutRebuilder.cpp"><Filter>Core\PE\Sections</Filter></ClCompile>
    <ClCompile Include="Core\PE\Rebasing\PeFileRebaser.cpp"><Filter>Core\PE\Rebasing</Filter></ClCompile>
    <ClCompile Include="Core\PE\Rebasing\NoSourceRelocations\NoSourceRelocationsImagePreparer.cpp"><Filter>Core\PE\Rebasing\NoSourceRelocations</Filter></ClCompile>
    <ClCompile Include="Core\PE\Rebasing\NoSourceRelocations\UpxPe32StubAddressingRebaser.cpp"><Filter>Core\PE\Rebasing\NoSourceRelocations</Filter></ClCompile>
    <ClCompile Include="Core\PE\Relocations\RelocationReconstructor.cpp"><Filter>Core\PE\Relocations</Filter></ClCompile>
    <ClCompile Include="Core\PE\Imports\ImportDiscovery.cpp"><Filter>Core\PE\Imports</Filter></ClCompile>
    <ClCompile Include="Core\PE\Imports\PeExportParser.cpp"><Filter>Core\PE\Imports</Filter></ClCompile>
    <ClCompile Include="Core\PE\Imports\ImportTableValidator.cpp"><Filter>Core\PE\Imports</Filter></ClCompile>
    <ClCompile Include="Infrastructure\Windows\Debugging\DebugProcess.cpp"><Filter>Infrastructure\Windows\Debugging</Filter></ClCompile>
    <ClCompile Include="Infrastructure\Windows\Debugging\ThreadContext\ThreadContextController.cpp"><Filter>Infrastructure\Windows\Debugging\ThreadContext</Filter></ClCompile>
    <ClCompile Include="Infrastructure\Windows\Debugging\ProcessMemoryReader.cpp"><Filter>Infrastructure\Windows\Debugging</Filter></ClCompile>
    <ClCompile Include="Infrastructure\Windows\Debugging\SoftwareBreakpointSet.cpp"><Filter>Infrastructure\Windows\Debugging</Filter></ClCompile>
    <ClCompile Include="Infrastructure\Windows\Debugging\WindowsDebugSession.cpp"><Filter>Infrastructure\Windows\Debugging</Filter></ClCompile>
    <ClCompile Include="Infrastructure\Windows\Debugging\RemoteModuleCatalog.cpp"><Filter>Infrastructure\Windows\Debugging</Filter></ClCompile>
    <ClCompile Include="Infrastructure\Windows\Debugging\Imports\AppCompatImportAliasResolver.cpp"><Filter>Infrastructure\Windows\Debugging\Imports</Filter></ClCompile>
    <ClCompile Include="Infrastructure\Windows\Debugging\Staging\StagedDebugTarget.cpp"><Filter>Infrastructure\Windows\Debugging\Staging</Filter></ClCompile>
    <ClCompile Include="Infrastructure\Windows\Debugging\Loading\DebugTargetLoader.cpp"><Filter>Infrastructure\Windows\Debugging\Loading</Filter></ClCompile>
    <ClCompile Include="Infrastructure\Windows\Verification\WindowsImageVerifier.cpp"><Filter>Infrastructure\Windows\Verification</Filter></ClCompile>
    <ClCompile Include="Infrastructure\Windows\Composition\WindowsPeUnpackEngine.cpp"><Filter>Infrastructure\Windows\Composition</Filter></ClCompile>
    <ClCompile Include="Application\Unpacking\TargetExecutionPolicy.cpp"><Filter>Application\Unpacking</Filter></ClCompile>
    <ClCompile Include="Application\PE\Preparation\PeTargetPreparationUseCase.cpp"><Filter>Application\PE\Preparation</Filter></ClCompile>
    <ClCompile Include="Application\PE\Preparation\PeTargetProbe.cpp"><Filter>Application\PE\Preparation</Filter></ClCompile>
    <ClCompile Include="Application\PE\PeUnpackBackend.cpp"><Filter>Application\PE</Filter></ClCompile>
    <ClCompile Include="Application\PE\Capture\PeRuntimeCaptureUseCase.cpp"><Filter>Application\PE\Capture</Filter></ClCompile>
    <ClCompile Include="Application\PE\Reconstruction\PeImageReconstructionUseCase.cpp"><Filter>Application\PE\Reconstruction</Filter></ClCompile>
    <ClCompile Include="Application\Artifacts\ArtifactPublicationUseCase.cpp"><Filter>Application\Artifacts</Filter></ClCompile>
    <ClCompile Include="Infrastructure\Windows\Storage\WindowsArtifactStore.cpp"><Filter>Infrastructure\Windows\Storage</Filter></ClCompile>
    <ClCompile Include="Infrastructure\Windows\Verification\WindowsPeImageValidator.cpp"><Filter>Infrastructure\Windows\Verification</Filter></ClCompile>
    <ClCompile Include="Infrastructure\Windows\Capture\WindowsPeSnapshotCapture.cpp"><Filter>Infrastructure\Windows\Capture</Filter></ClCompile>
    <ClCompile Include="Infrastructure\Windows\Storage\WindowsTargetSourceReader.cpp"><Filter>Infrastructure\Windows\Storage</Filter></ClCompile>
  </ItemGroup>
</Project>
