<?xml version="1.0" encoding="utf-8"?>
<Project ToolsVersion="4.0" xmlns="http://schemas.microsoft.com/developer/msbuild/2003">
  <ItemGroup>
    <Filter Include="Core"><UniqueIdentifier>{2C013C75-11EC-470D-93C7-3A79616518AE}</UniqueIdentifier></Filter>
    <Filter Include="Core\PE"><UniqueIdentifier>{8704338D-CB8D-4CC9-B578-6CFD4CA03A7F}</UniqueIdentifier></Filter>
    <Filter Include="Infrastructure"><UniqueIdentifier>{5B0409C2-1980-42E8-A6D6-B3DF17F57E8D}</UniqueIdentifier></Filter>
    <Filter Include="Infrastructure\Windows"><UniqueIdentifier>{83D3F132-40C8-4D0F-AF19-47016931759C}</UniqueIdentifier></Filter>
    <Filter Include="Application"><UniqueIdentifier>{2F81F3C0-B8FC-417A-B82A-18C3CECB215B}</UniqueIdentifier></Filter>
    <Filter Include="Protocol"><UniqueIdentifier>{0358DC45-AB13-4C43-986C-A6C5395B70C7}</UniqueIdentifier></Filter>
    <Filter Include="Core\Unpacking"><UniqueIdentifier>{797140F4-A639-4A9B-BA47-F34FEB69864C}</UniqueIdentifier></Filter>
    <Filter Include="Core\PE\Parsing"><UniqueIdentifier>{4BC2DAAE-3569-4FAE-95C7-2FA38A8CC01B}</UniqueIdentifier></Filter>
    <Filter Include="Core\PE\OepDiscovery"><UniqueIdentifier>{3E3E8C87-A85C-43B8-A91D-A5F19D2ABF20}</UniqueIdentifier></Filter>
    <Filter Include="Core\Dumping"><UniqueIdentifier>{6108D29F-F5A8-44A8-9E19-8F159C48C8D5}</UniqueIdentifier></Filter>
    <Filter Include="Core\PE\Fixing"><UniqueIdentifier>{9F516762-A12F-4D6A-B920-BBE9935EDE75}</UniqueIdentifier></Filter>
    <Filter Include="Core\PE\Imports"><UniqueIdentifier>{A56D0B1B-8B64-4F37-8E95-6C5D24A8D42A}</UniqueIdentifier></Filter>
    <Filter Include="Infrastructure\Windows\Debugging"><UniqueIdentifier>{49E8AA47-D6FC-4870-9094-220432928B0F}</UniqueIdentifier></Filter>
    <Filter Include="Application\Unpacking"><UniqueIdentifier>{D58453CE-2602-4076-9713-76D26D3A42CF}</UniqueIdentifier></Filter>
    <Filter Include="Protocol\EngineHost"><UniqueIdentifier>{CB9AF59A-A23B-4E37-B066-331DA4BD2C22}</UniqueIdentifier></Filter>
  </ItemGroup>
  <ItemGroup>
    <ClInclude Include="Core\Unpacking\UnpackTypes.h"><Filter>Core\Unpacking</Filter></ClInclude>
    <ClInclude Include="Core\PE\Parsing\PeParser.h"><Filter>Core\PE\Parsing</Filter></ClInclude>
    <ClInclude Include="Core\PE\OepDiscovery\UpxOepLocator.h"><Filter>Core\PE\OepDiscovery</Filter></ClInclude>
    <ClInclude Include="Core\Dumping\ProcessImageDumper.h"><Filter>Core\Dumping</Filter></ClInclude>
    <ClInclude Include="Core\PE\Fixing\PeImageFixer.h"><Filter>Core\PE\Fixing</Filter></ClInclude>
    <ClInclude Include="Core\PE\Imports\ImportTypes.h"><Filter>Core\PE\Imports</Filter></ClInclude>
    <ClInclude Include="Core\PE\Imports\ImportDiscovery.h"><Filter>Core\PE\Imports</Filter></ClInclude>
    <ClInclude Include="Core\PE\Imports\PeExportParser.h"><Filter>Core\PE\Imports</Filter></ClInclude>
    <ClInclude Include="Core\PE\Imports\ImportTableValidator.h"><Filter>Core\PE\Imports</Filter></ClInclude>
    <ClInclude Include="Infrastructure\Windows\Debugging\DebugProcess.h"><Filter>Infrastructure\Windows\Debugging</Filter></ClInclude>
    <ClInclude Include="Infrastructure\Windows\Debugging\ProcessMemoryReader.h"><Filter>Infrastructure\Windows\Debugging</Filter></ClInclude>
    <ClInclude Include="Infrastructure\Windows\Debugging\SoftwareBreakpointSet.h"><Filter>Infrastructure\Windows\Debugging</Filter></ClInclude>
    <ClInclude Include="Infrastructure\Windows\Debugging\WindowsDebugSession.h"><Filter>Infrastructure\Windows\Debugging</Filter></ClInclude>
    <ClInclude Include="Infrastructure\Windows\Debugging\RemoteModuleCatalog.h"><Filter>Infrastructure\Windows\Debugging</Filter></ClInclude>
    <ClInclude Include="Application\Unpacking\UnpackEngine.h"><Filter>Application\Unpacking</Filter></ClInclude>
    <ClInclude Include="Protocol\EngineHost\EngineHostProtocol.h"><Filter>Protocol\EngineHost</Filter></ClInclude>
  </ItemGroup>
  <ItemGroup>
    <ClCompile Include="Core\PE\Parsing\PeParser.cpp"><Filter>Core\PE\Parsing</Filter></ClCompile>
    <ClCompile Include="Core\PE\OepDiscovery\UpxOepLocator.cpp"><Filter>Core\PE\OepDiscovery</Filter></ClCompile>
    <ClCompile Include="Core\Dumping\ProcessImageDumper.cpp"><Filter>Core\Dumping</Filter></ClCompile>
    <ClCompile Include="Core\PE\Fixing\PeImageFixer.cpp"><Filter>Core\PE\Fixing</Filter></ClCompile>
    <ClCompile Include="Core\PE\Imports\ImportDiscovery.cpp"><Filter>Core\PE\Imports</Filter></ClCompile>
    <ClCompile Include="Core\PE\Imports\PeExportParser.cpp"><Filter>Core\PE\Imports</Filter></ClCompile>
    <ClCompile Include="Core\PE\Imports\ImportTableValidator.cpp"><Filter>Core\PE\Imports</Filter></ClCompile>
    <ClCompile Include="Infrastructure\Windows\Debugging\DebugProcess.cpp"><Filter>Infrastructure\Windows\Debugging</Filter></ClCompile>
    <ClCompile Include="Infrastructure\Windows\Debugging\ProcessMemoryReader.cpp"><Filter>Infrastructure\Windows\Debugging</Filter></ClCompile>
    <ClCompile Include="Infrastructure\Windows\Debugging\SoftwareBreakpointSet.cpp"><Filter>Infrastructure\Windows\Debugging</Filter></ClCompile>
    <ClCompile Include="Infrastructure\Windows\Debugging\WindowsDebugSession.cpp"><Filter>Infrastructure\Windows\Debugging</Filter></ClCompile>
    <ClCompile Include="Infrastructure\Windows\Debugging\RemoteModuleCatalog.cpp"><Filter>Infrastructure\Windows\Debugging</Filter></ClCompile>
    <ClCompile Include="Application\Unpacking\UnpackEngine.cpp"><Filter>Application\Unpacking</Filter></ClCompile>
    <ClCompile Include="Protocol\EngineHost\EngineHostProtocol.cpp"><Filter>Protocol\EngineHost</Filter></ClCompile>
  </ItemGroup>
</Project>
