<?xml version="1.0" encoding="utf-8"?>
<Project ToolsVersion="4.0" xmlns="http://schemas.microsoft.com/developer/msbuild/2003">
  <ItemGroup>
    <Filter Include="Tests"><UniqueIdentifier>{5CBB5CA7-A025-4584-B632-56D937389A67}</UniqueIdentifier></Filter>
    <Filter Include="Tests\Unit"><UniqueIdentifier>{8B60D8F1-4555-42C5-A273-EC9F9D56B79E}</UniqueIdentifier></Filter>
    <Filter Include="Tests\Integration"><UniqueIdentifier>{463AE437-5B13-4308-AF96-B64DAED87E79}</UniqueIdentifier></Filter>
    <Filter Include="Tests\Integration\OepDiscovery"><UniqueIdentifier>{C9B0300E-78F1-475D-8D29-B1474FC39EE8}</UniqueIdentifier></Filter>
    <Filter Include="Tests\Integration\Sections"><UniqueIdentifier>{6E797341-13B5-4524-997F-2D5E50C5DE4E}</UniqueIdentifier></Filter>
    <Filter Include="Tests\Support"><UniqueIdentifier>{5E72177B-89BF-49F6-BDB0-5873FFDBE756}</UniqueIdentifier></Filter>
    <Filter Include="Tests\Unit\Parsing"><UniqueIdentifier>{CD9BA7A7-C377-4673-B279-64C55F0725F2}</UniqueIdentifier></Filter>
    <Filter Include="Tests\Unit\Dumping"><UniqueIdentifier>{DA299D79-E4E9-44D6-89BA-4679965FB5DF}</UniqueIdentifier></Filter>
    <Filter Include="Tests\Unit\Fixing"><UniqueIdentifier>{8DCF46B3-80BD-494A-A385-BE47F5552D77}</UniqueIdentifier></Filter>
    <Filter Include="Tests\Unit\Loading"><UniqueIdentifier>{115B368E-2BDB-4C2D-86B4-31221C3C19A5}</UniqueIdentifier></Filter>
    <Filter Include="Tests\Unit\PE"><UniqueIdentifier>{F100F147-6F38-4433-9235-EE5DA94255EB}</UniqueIdentifier></Filter>
    <Filter Include="Tests\Unit\PE\Capabilities"><UniqueIdentifier>{8E2A4436-5607-4D6D-B2CD-C14AC44E3827}</UniqueIdentifier></Filter>
    <Filter Include="Tests\Unit\PE\Translation"><UniqueIdentifier>{FB06959D-DFB6-48C2-9DC4-41204E5F8CB7}</UniqueIdentifier></Filter>
    <Filter Include="Tests\Integration\Host"><UniqueIdentifier>{70D61C47-D151-4E40-B5C1-B28192D4E6AB}</UniqueIdentifier></Filter>
    <Filter Include="Tests\Integration\ELF64"><UniqueIdentifier>{28F79D62-9B53-4779-85AB-C03E8CD4B6F5}</UniqueIdentifier></Filter>
    <Filter Include="Tests\Unit\OepDiscovery"><UniqueIdentifier>{1B6E794A-B976-4B65-92DA-9C0E82019E29}</UniqueIdentifier></Filter>
    <Filter Include="Tests\Unit\Imports"><UniqueIdentifier>{D2F7AE1C-1D14-4F2E-A3D5-16B7B3F0A91E}</UniqueIdentifier></Filter>
    <Filter Include="Tests\Unit\Sections"><UniqueIdentifier>{8EBE54C3-F14C-4B3A-AE05-C4C25D20AE31}</UniqueIdentifier></Filter>
    <Filter Include="Tests\Unit\Rebasing"><UniqueIdentifier>{C1ED75E3-612D-4B0B-B3B2-115091FAB346}</UniqueIdentifier></Filter>
    <Filter Include="Tests\Unit\Relocations"><UniqueIdentifier>{45F68E6B-5B10-47D4-B821-9D79512D5054}</UniqueIdentifier></Filter>
    <Filter Include="Tests\Unit\PE32"><UniqueIdentifier>{BB287075-E272-45B9-9CD5-384974FD4317}</UniqueIdentifier></Filter>
    <Filter Include="Tests\Unit\PE32\DLL"><UniqueIdentifier>{15B3467B-2F9F-43CF-88CC-B76A7A66015B}</UniqueIdentifier></Filter>
    <Filter Include="Tests\Unit\PE64"><UniqueIdentifier>{02763D9A-63D1-4C5F-A3B0-A8A7F40730D4}</UniqueIdentifier></Filter>
    <Filter Include="Tests\Unit\PE64\DLL"><UniqueIdentifier>{3D93B275-8247-42AA-8544-074900883D55}</UniqueIdentifier></Filter>
    <Filter Include="Tests\Unit\ELF64"><UniqueIdentifier>{21725285-1E4F-4C44-A8A5-61BA33393D75}</UniqueIdentifier></Filter>
    <Filter Include="Tests\Unit\ELF32"><UniqueIdentifier>{DBD8B4D6-84C7-4BE4-8AC0-C0D3173EA92F}</UniqueIdentifier></Filter>
    <Filter Include="Tests\Unit\ELF"><UniqueIdentifier>{F8A8C243-0A5F-49E1-81BB-8EC42CB1138F}</UniqueIdentifier></Filter>
    <Filter Include="Tests\Unit\ELF\SharedObject"><UniqueIdentifier>{4E0105EF-B05E-43FD-8EA3-E1BBE395D16B}</UniqueIdentifier></Filter>
    <Filter Include="Tests\Unit\BinaryInspection"><UniqueIdentifier>{950A347D-0644-4D51-B17D-BA45E53F33BD}</UniqueIdentifier></Filter>
    <Filter Include="Tests\Unit\Contracts"><UniqueIdentifier>{14E5EC74-2B0C-4D2F-85AC-5F494E567D52}</UniqueIdentifier></Filter>
    <Filter Include="Tests\Integration\WOW64"><UniqueIdentifier>{21FA6867-DA1D-4E5E-B804-36A6C51D5814}</UniqueIdentifier></Filter>
    <Filter Include="Tests\Integration\Native64"><UniqueIdentifier>{DAD4E822-5C15-43E0-A333-9C350C54AA33}</UniqueIdentifier></Filter>
    <Filter Include="Tests\Integration\Native64\DLL"><UniqueIdentifier>{6403C226-48C9-46BD-B15C-A94F62B0FC4F}</UniqueIdentifier></Filter>
    <Filter Include="Tests\Architecture"><UniqueIdentifier>{75666DA9-B85E-4FCA-B59D-AC2977412235}</UniqueIdentifier></Filter>
    <Filter Include="Tests\Integration\UseCases"><UniqueIdentifier>{9BF08387-0D69-45B2-B1BA-1F8078F2CBE7}</UniqueIdentifier></Filter>
  </ItemGroup>
  <ItemGroup>
    <ClCompile Include="Tests\TestMain.cpp"><Filter>Tests</Filter></ClCompile>
    <ClCompile Include="Tests\Unit\Parsing\PeParserTests.cpp"><Filter>Tests\Unit\Parsing</Filter></ClCompile>
    <ClCompile Include="Tests\Unit\Dumping\ProcessImageDumperTests.cpp"><Filter>Tests\Unit\Dumping</Filter></ClCompile>
    <ClCompile Include="Tests\Unit\Fixing\PeImageFixerTests.cpp"><Filter>Tests\Unit\Fixing</Filter></ClCompile>
    <ClCompile Include="Tests\Unit\Loading\DllLoaderCatalogTests.cpp"><Filter>Tests\Unit\Loading</Filter></ClCompile>
    <ClCompile Include="Tests\Unit\PE\Capabilities\PeBackendCapabilitiesTests.cpp"><Filter>Tests\Unit\PE\Capabilities</Filter></ClCompile>
    <ClCompile Include="Tests\Unit\PE\Translation\PeJobContractTranslatorTests.cpp"><Filter>Tests\Unit\PE\Translation</Filter></ClCompile>
    <ClCompile Include="Tests\Integration\Host\EngineHostIntegrationTests.cpp"><Filter>Tests\Integration\Host</Filter></ClCompile>
    <ClCompile Include="Tests\Integration\ELF64\ElfHostIntegrationValidation.cpp"><Filter>Tests\Integration\ELF64</Filter></ClCompile>
    <ClCompile Include="Tests\Unit\OepDiscoveryTests.cpp"><Filter>Tests\Unit\OepDiscovery</Filter></ClCompile>
    <ClCompile Include="Tests\Unit\Imports\ImportDiscoveryTests.cpp"><Filter>Tests\Unit\Imports</Filter></ClCompile>
    <ClCompile Include="Tests\Unit\Sections\SectionLayoutRebuilderTests.cpp"><Filter>Tests\Unit\Sections</Filter></ClCompile>
    <ClCompile Include="Tests\Unit\Rebasing\PeFileRebaserTests.cpp"><Filter>Tests\Unit\Rebasing</Filter></ClCompile>
    <ClCompile Include="Tests\Unit\Rebasing\NoSourceRelocationsImagePreparerTests.cpp"><Filter>Tests\Unit\Rebasing</Filter></ClCompile>
    <ClCompile Include="Tests\Unit\Relocations\RelocationReconstructorTests.cpp"><Filter>Tests\Unit\Relocations</Filter></ClCompile>
    <ClCompile Include="Tests\Unit\PE32\Pe32FormatTests.cpp"><Filter>Tests\Unit\PE32</Filter></ClCompile>
    <ClCompile Include="Tests\Unit\PE32\DLL\Pe32DllExportTests.cpp"><Filter>Tests\Unit\PE32\DLL</Filter></ClCompile>
    <ClCompile Include="Tests\Unit\PE64\DLL\Pe64DllOepTests.cpp"><Filter>Tests\Unit\PE64\DLL</Filter></ClCompile>
    <ClCompile Include="Tests\Unit\ELF64\ElfCoreTests.cpp"><Filter>Tests\Unit\ELF64</Filter></ClCompile>
    <ClCompile Include="Tests\Unit\ELF32\Elf32ParsingTests.cpp"><Filter>Tests\Unit\ELF32</Filter></ClCompile>
    <ClCompile Include="Tests\Unit\ELF\SharedObject\ElfSharedObjectTests.cpp"><Filter>Tests\Unit\ELF\SharedObject</Filter></ClCompile>
    <ClCompile Include="Tests\Unit\BinaryInspection\TargetBinaryInspectorTests.cpp"><Filter>Tests\Unit\BinaryInspection</Filter></ClCompile>
    <ClCompile Include="Tests\Unit\Contracts\UnpackCoordinatorTests.cpp"><Filter>Tests\Unit\Contracts</Filter></ClCompile>
    <ClCompile Include="Tests\Unit\Contracts\EngineHostCodecTests.cpp"><Filter>Tests\Unit\Contracts</Filter></ClCompile>
    <ClCompile Include="Tests\Architecture\LayerDependencyTests.cpp"><Filter>Tests\Architecture</Filter></ClCompile>
    <ClCompile Include="Tests\Integration\UseCases\PeUseCaseTests.cpp"><Filter>Tests\Integration\UseCases</Filter></ClCompile>
    <ClCompile Include="Tests\Integration\WOW64\Wow64DebugSessionTests.cpp"><Filter>Tests\Integration\WOW64</Filter></ClCompile>
    <ClCompile Include="Tests\Integration\Native64\DLL\Pe64DllIntegrationTests.cpp"><Filter>Tests\Integration\Native64\DLL</Filter></ClCompile>
    <ClCompile Include="Tests\Integration\OepDiscoveryIntegrationTests.cpp"><Filter>Tests\Integration\OepDiscovery</Filter></ClCompile>
    <ClCompile Include="Tests\Integration\Sections\SemanticSectionRebuildTests.cpp"><Filter>Tests\Integration\Sections</Filter></ClCompile>
    <ClCompile Include="Tests\Support\EngineHostTestClient.cpp"><Filter>Tests\Support</Filter></ClCompile>
  </ItemGroup>
  <ItemGroup>
    <ClInclude Include="Tests\Support\EngineHostTestClient.h"><Filter>Tests\Support</Filter></ClInclude>
  </ItemGroup>
</Project>
