<?xml version="1.0" encoding="utf-8"?>
<Project ToolsVersion="4.0" xmlns="http://schemas.microsoft.com/developer/msbuild/2003">
  <ItemGroup><Filter Include="Application"><UniqueIdentifier>{BB086CB3-06B7-4CE4-990E-E06EA6C30985}</UniqueIdentifier></Filter><Filter Include="Infrastructure"><UniqueIdentifier>{1311819B-A10B-418C-B18C-E1DC0990BF3C}</UniqueIdentifier></Filter><Filter Include="Infrastructure\Windows"><UniqueIdentifier>{BB6E9352-6A7F-4924-B0E8-2D57E59D30A8}</UniqueIdentifier></Filter><Filter Include="Infrastructure\Windows\Pipes"><UniqueIdentifier>{2D462F47-6103-47E8-AF87-DAA4EF67AC14}</UniqueIdentifier></Filter><Filter Include="Infrastructure\Windows\WSL"><UniqueIdentifier>{3E22BDF4-3A1D-43E7-A4D5-B573FBAB0A31}</UniqueIdentifier></Filter><Filter Include="Infrastructure\Windows\WSL\Bridge"><UniqueIdentifier>{827F6A14-592A-4F4D-B522-E001B5126F45}</UniqueIdentifier></Filter><Filter Include="Infrastructure\Windows\WSL\Hosting"><UniqueIdentifier>{AC0E7663-F0FB-40E6-9A01-5855880FA7E3}</UniqueIdentifier></Filter><Filter Include="Infrastructure\Windows\WSL\Storage"><UniqueIdentifier>{0BD3610A-6824-4226-916B-C5DF3054C1EE}</UniqueIdentifier></Filter></ItemGroup>
  <ItemGroup><ClCompile Include="Application\EngineHostMain.cpp"><Filter>Application</Filter></ClCompile><ClCompile Include="Infrastructure\Windows\Pipes\EngineHostPipeTransport.cpp"><Filter>Infrastructure\Windows\Pipes</Filter></ClCompile><ClCompile Include="Infrastructure\Windows\WSL\Bridge\WslFileBridge.cpp"><Filter>Infrastructure\Windows\WSL\Bridge</Filter></ClCompile><ClCompile Include="Infrastructure\Windows\WSL\Hosting\WslApi.cpp"><Filter>Infrastructure\Windows\WSL\Hosting</Filter></ClCompile><ClCompile Include="Infrastructure\Windows\WSL\Hosting\WslHostProcessSession.cpp"><Filter>Infrastructure\Windows\WSL\Hosting</Filter></ClCompile><ClCompile Include="Infrastructure\Windows\WSL\Storage\WindowsElfSourceReader.cpp"><Filter>Infrastructure\Windows\WSL\Storage</Filter></ClCompile><ClCompile Include="Infrastructure\Windows\WSL\WslElfHostClient.cpp"><Filter>Infrastructure\Windows\WSL</Filter></ClCompile></ItemGroup>
  <ItemGroup><ClInclude Include="Infrastructure\Windows\Pipes\EngineHostPipeTransport.h"><Filter>Infrastructure\Windows\Pipes</Filter></ClInclude><ClInclude Include="Infrastructure\Windows\WSL\Bridge\WslFileBridge.h"><Filter>Infrastructure\Windows\WSL\Bridge</Filter></ClInclude><ClInclude Include="Infrastructure\Windows\WSL\Hosting\WslApi.h"><Filter>Infrastructure\Windows\WSL\Hosting</Filter></ClInclude><ClInclude Include="Infrastructure\Windows\WSL\Hosting\WslHostProcessSession.h"><Filter>Infrastructure\Windows\WSL\Hosting</Filter></ClInclude><ClInclude Include="Infrastructure\Windows\WSL\Storage\WindowsElfSourceReader.h"><Filter>Infrastructure\Windows\WSL\Storage</Filter></ClInclude><ClInclude Include="Infrastructure\Windows\WSL\WslElfHostClient.h"><Filter>Infrastructure\Windows\WSL</Filter></ClInclude></ItemGroup>
</Project>
